
Microsoft Visual Studio Solution File, Format Version 12.00
# Visual Studio Version 17
VisualStudioVersion = 17.4.33205.214
MinimumVisualStudioVersion = 10.0.40219.1
Project("{9A19103F-16F7-4668-BE54-9A1E7A4F7556}") = "BlazzorFullStack.Server", "BlazzorFullStack\Server\BlazzorFullStack.Server.csproj", "{1781F0B0-79E7-4B61-B601-5324FB2A36B7}"
EndProject
Project("{9A19103F-16F7-4668-BE54-9A1E7A4F7556}") = "BlazzorFullStack.Client", "BlazzorFullStack\Client\BlazzorFullStack.Client.csproj", "{E289E02C-A65D-4E89-BEF1-02C3E248E875}"
EndProject
Project("{9A19103F-16F7-4668-BE54-9A1E7A4F7556}") = "BlazzorFullStack.Shared", "BlazzorFullStack\Shared\BlazzorFullStack.Shared.csproj", "{D3482B71-24F7-42A6-9D7B-3D41CC659F09}"
EndProject
Global
	GlobalSection(SolutionConfigurationPlatforms) = preSolution
		Debug|Any CPU = Debug|Any CPU
		Release|Any CPU = Release|Any CPU
	EndGlobalSection
	GlobalSection(ProjectConfigurationPlatforms) = postSolution
		{1781F0B0-79E7-4B61-B601-5324FB2A36B7}.Debug|Any CPU.ActiveCfg = Debug|Any CPU
		{1781F0B0-79E7-4B61-B601-5324FB2A36B7}.Debug|Any CPU.Build.0 = Debug|Any CPU
		{1781F0B0-79E7-4B61-B601-5324FB2A36B7}.Release|Any CPU.ActiveCfg = Release|Any CPU
		{1781F0B0-79E7-4B61-B601-5324FB2A36B7}.Release|Any CPU.Build.0 = Release|Any CPU
		{E289E02C-A65D-4E89-BEF1-02C3E248E875}.Debug|Any CPU.ActiveCfg = Debug|Any CPU
		{E289E02C-A65D-4E89-BEF1-02C3E248E875}.Debug|Any CPU.Build.0 = Debug|Any CPU
		{E289E02C-A65D-4E89-BEF1-02C3E248E875}.Release|Any CPU.ActiveCfg = Release|Any CPU
		{E289E02C-A65D-4E89-BEF1-02C3E248E875}.Release|Any CPU.Build.0 = Release|Any CPU
		{D3482B71-24F7-42A6-9D7B-3D41CC659F09}.Debug|Any CPU.ActiveCfg = Debug|Any CPU
		{D3482B71-24F7-42A6-9D7B-3D41CC659F09}.Debug|Any CPU.Build.0 = Debug|Any CPU
		{D3482B71-24F7-42A6-9D7B-3D41CC659F09}.Release|Any CPU.ActiveCfg = Release|Any CPU
		{D3482B71-24F7-42A6-9D7B-3D41CC659F09}.Release|Any CPU.Build.0 = Release|Any CPU
	EndGlobalSection
	GlobalSection(SolutionProperties) = preSolution
		HideSolutionNode = FALSE
	EndGlobalSection
	GlobalSection(ExtensibilityGlobals) = postSolution
		SolutionGuid = {5C096338-986C-4782-BDCF-ADC0BD39F3FC}
	EndGlobalSection
EndGlobal
